# THIS IS AN AUTOGENERATED FILE. DO NOT EDIT THIS FILE DIRECTLY.
# yarn lockfile v1


"@glennsl/bs-json@^5.0.0":
  version "5.0.0"
  resolved "https://registry.yarnpkg.com/@glennsl/bs-json/-/bs-json-5.0.0.tgz#f5e3210d387f2e366c16954e560ee25712ca5a1b"
  integrity sha512-YzTsMIeV4X7QfPMLMeoXEl2uaVOHG3SSjZNkhBHW/G4/I7jOBuJ0XKZeaQz4tv5EMRsLq/6Q6PtLGA6XGERJng==

bs-node-http@^0.3.1:
  version "0.3.1"
  resolved "https://registry.yarnpkg.com/bs-node-http/-/bs-node-http-0.3.1.tgz#4067e9e9c4cda028206f9c8ff28e71b7f5e14d09"
  integrity sha512-iI4sNaDa9HHHehfPpW9wmxHrbDC5U3ptGh4JHSHJcDJsj1HF9DKb/GoO6QDLt0yqQAo4ZoH20OWBLbtwYSHSNQ==

bs-platform@^5.0.6:
  version "5.0.6"
  resolved "https://registry.yarnpkg.com/bs-platform/-/bs-platform-5.0.6.tgz#88c13041fb020479800de3d82c680bf971091425"
  integrity sha512-6Boa2VEcWJp2WJr38L7bp3J929nYha7gDarjxb070jWzgfPJ/WbzjipmSfnu2eqqk1MfjEIpBipbPz6n1NISwA==
